
Microsoft Visual Studio Solution File, Format Version 12.00
# Visual Studio 2013
VisualStudioVersion = 12.0.30501.0
MinimumVisualStudioVersion = 10.0.40219.1
Project("{FAE04EC0-301F-11D3-BF4B-00C04F79EFBC}") = "client", "client\client.csproj", "{F792BD06-C8F4-4EDD-8C59-425176283617}"
EndProject
Project("{FAE04EC0-301F-11D3-BF4B-00C04F79EFBC}") = "Contracts", "Contracts\Contracts.csproj", "{45205D0A-37E7-4198-A9C0-F73D0521999F}"
EndProject
Project("{FAE04EC0-301F-11D3-BF4B-00C04F79EFBC}") = "ConsoleApplication1", "ConsoleApplication1\ConsoleApplication1.csproj", "{C4646534-7943-4D0C-AF76-1503B7CC02E3}"
EndProject
Project("{FAE04EC0-301F-11D3-BF4B-00C04F79EFBC}") = "ConsoleApplication2", "ConsoleApplication2\ConsoleApplication2.csproj", "{74AFD31F-D9E7-4947-8046-1FBFE6DFDE3A}"
EndProject
Global
	GlobalSection(SolutionConfigurationPlatforms) = preSolution
		Debug|Any CPU = Debug|Any CPU
		Release|Any CPU = Release|Any CPU
	EndGlobalSection
	GlobalSection(ProjectConfigurationPlatforms) = postSolution
		{F792BD06-C8F4-4EDD-8C59-425176283617}.Debug|Any CPU.ActiveCfg = Debug|Any CPU
		{F792BD06-C8F4-4EDD-8C59-425176283617}.Debug|Any CPU.Build.0 = Debug|Any CPU
		{F792BD06-C8F4-4EDD-8C59-425176283617}.Release|Any CPU.ActiveCfg = Release|Any CPU
		{F792BD06-C8F4-4EDD-8C59-425176283617}.Release|Any CPU.Build.0 = Release|Any CPU
		{45205D0A-37E7-4198-A9C0-F73D0521999F}.Debug|Any CPU.ActiveCfg = Debug|Any CPU
		{45205D0A-37E7-4198-A9C0-F73D0521999F}.Debug|Any CPU.Build.0 = Debug|Any CPU
		{45205D0A-37E7-4198-A9C0-F73D0521999F}.Release|Any CPU.ActiveCfg = Release|Any CPU
		{45205D0A-37E7-4198-A9C0-F73D0521999F}.Release|Any CPU.Build.0 = Release|Any CPU
		{C4646534-7943-4D0C-AF76-1503B7CC02E3}.Debug|Any CPU.ActiveCfg = Debug|Any CPU
		{C4646534-7943-4D0C-AF76-1503B7CC02E3}.Debug|Any CPU.Build.0 = Debug|Any CPU
		{C4646534-7943-4D0C-AF76-1503B7CC02E3}.Release|Any CPU.ActiveCfg = Release|Any CPU
		{C4646534-7943-4D0C-AF76-1503B7CC02E3}.Release|Any CPU.Build.0 = Release|Any CPU
		{74AFD31F-D9E7-4947-8046-1FBFE6DFDE3A}.Debug|Any CPU.ActiveCfg = Debug|Any CPU
		{74AFD31F-D9E7-4947-8046-1FBFE6DFDE3A}.Debug|Any CPU.Build.0 = Debug|Any CPU
		{74AFD31F-D9E7-4947-8046-1FBFE6DFDE3A}.Release|Any CPU.ActiveCfg = Release|Any CPU
		{74AFD31F-D9E7-4947-8046-1FBFE6DFDE3A}.Release|Any CPU.Build.0 = Release|Any CPU
	EndGlobalSection
	GlobalSection(SolutionProperties) = preSolution
		HideSolutionNode = FALSE
	EndGlobalSection
EndGlobal
